<?xml version="1.0" encoding="utf-8"?>
<Project ToolsVersion="4.0" xmlns="http://schemas.microsoft.com/developer/msbuild/2003">
  <ItemGroup>
    <Filter Include="源文件">
      <UniqueIdentifier>{ad0b9022-e746-490c-8cc5-9050253755b7}</UniqueIdentifier>
    </Filter>
    <Filter Include="生成的文件">
      <UniqueIdentifier>{633cd075-1054-4919-aec6-d3231e8afa88}</UniqueIdentifier>
      <SourceControlFiles>False</SourceControlFiles>
    </Filter>
  </ItemGroup>
  <ItemGroup>
    <None Include="NetViewps.def" />
  </ItemGroup>
  <ItemGroup>
    <ClCompile Include="NetView_i.c">
      <Filter>生成的文件</Filter>
    </ClCompile>
    <ClCompile Include="NetView_p.c">
      <Filter>生成的文件</Filter>
    </ClCompile>
    <ClCompile Include="dlldata.c">
      <Filter>生成的文件</Filter>
    </ClCompile>
  </ItemGroup>
</Project>